// !$*UTF8*$!
{
	archiveVersion = 1;
	classes = {
	};
	objectVersion = 46;
	objects = {

/* Begin PBXBuildFile section */
		DB28FAFF212D35A9004014F7 /* OSLog+AppCategory.swift in Sources */ = {isa = PBXBuildFile; fileRef = DB28FAFE212D35A9004014F7 /* OSLog+AppCategory.swift */; };
		DB4ED7321D81F633000F38A6 /* Loggy.h in Headers */ = {isa = PBXBuildFile; fileRef = DB4ED7301D81F633000F38A6 /* Loggy.h */; settings = {ATTRIBUTES = (Public, ); }; };
		DB4ED7351D81F633000F38A6 /* Loggy.framework in Frameworks */ = {isa = PBXBuildFile; fileRef = DB4ED72E1D81F633000F38A6 /* Loggy.framework */; };
		DB4ED7361D81F633000F38A6 /* Loggy.framework in Embed Frameworks */ = {isa = PBXBuildFile; fileRef = DB4ED72E1D81F633000F38A6 /* Loggy.framework */; settings = {ATTRIBUTES = (CodeSignOnCopy, RemoveHeadersOnCopy, ); }; };
		DB8873FF1D806685008FF01B /* AppDelegate.swift in Sources */ = {isa = PBXBuildFile; fileRef = DB8873FE1D806685008FF01B /* AppDelegate.swift */; };
		DB8874011D806685008FF01B /* ViewController.swift in Sources */ = {isa = PBXBuildFile; fileRef = DB8874001D806685008FF01B /* ViewController.swift */; };
		DB8874041D806685008FF01B /* Main.storyboard in Resources */ = {isa = PBXBuildFile; fileRef = DB8874021D806685008FF01B /* Main.storyboard */; };
		DB8874061D806685008FF01B /* Assets.xcassets in Resources */ = {isa = PBXBuildFile; fileRef = DB8874051D806685008FF01B /* Assets.xcassets */; };
		DB8874091D806685008FF01B /* LaunchScreen.storyboard in Resources */ = {isa = PBXBuildFile; fileRef = DB8874071D806685008FF01B /* LaunchScreen.storyboard */; };
		DBBBCBCE2129E8300013FEA5 /* OSLog+LogStatement.swift in Sources */ = {isa = PBXBuildFile; fileRef = DBBBCBCD2129E8300013FEA5 /* OSLog+LogStatement.swift */; };
		DBC7B4DC1F3B648B00FADEC6 /* LogStatement.swift in Sources */ = {isa = PBXBuildFile; fileRef = DBC7B4DB1F3B648B00FADEC6 /* LogStatement.swift */; };
		DBCB1243212A0C1000376A9A /* CustomLogConvertible.swift in Sources */ = {isa = PBXBuildFile; fileRef = DBCB1242212A0C1000376A9A /* CustomLogConvertible.swift */; };
		DBCB1244212A133400376A9A /* os_activity_shims.h in Headers */ = {isa = PBXBuildFile; fileRef = DB40966E1F3C2B40004F8984 /* os_activity_shims.h */; settings = {ATTRIBUTES = (Public, ); }; };
		DBCB124A212A26F700376A9A /* os_log_shims.h in Headers */ = {isa = PBXBuildFile; fileRef = DBCB1248212A26F700376A9A /* os_log_shims.h */; settings = {ATTRIBUTES = (Public, ); }; };
		DBCB124B212A26F700376A9A /* os_log_shims.c in Sources */ = {isa = PBXBuildFile; fileRef = DBCB1249212A26F700376A9A /* os_log_shims.c */; };
		DBEE0BF51D8270AF007A562E /* Activity.swift in Sources */ = {isa = PBXBuildFile; fileRef = DBEE0BF41D8270AF007A562E /* Activity.swift */; };
/* End PBXBuildFile section */

/* Begin PBXContainerItemProxy section */
		DB4ED7331D81F633000F38A6 /* PBXContainerItemProxy */ = {
			isa = PBXContainerItemProxy;
			containerPortal = DB8873F31D806685008FF01B /* Project object */;
			proxyType = 1;
			remoteGlobalIDString = DB4ED72D1D81F633000F38A6;
			remoteInfo = Loggy;
		};
/* End PBXContainerItemProxy section */

/* Begin PBXCopyFilesBuildPhase section */
		DB4ED73A1D81F633000F38A6 /* Embed Frameworks */ = {
			isa = PBXCopyFilesBuildPhase;
			buildActionMask = 2147483647;
			dstPath = "";
			dstSubfolderSpec = 10;
			files = (
				DB4ED7361D81F633000F38A6 /* Loggy.framework in Embed Frameworks */,
			);
			name = "Embed Frameworks";
			runOnlyForDeploymentPostprocessing = 0;
		};
/* End PBXCopyFilesBuildPhase section */

/* Begin PBXFileReference section */
		DB28FAFE212D35A9004014F7 /* OSLog+AppCategory.swift */ = {isa = PBXFileReference; lastKnownFileType = sourcecode.swift; path = "OSLog+AppCategory.swift"; sourceTree = "<group>"; };
		DB40966E1F3C2B40004F8984 /* os_activity_shims.h */ = {isa = PBXFileReference; lastKnownFileType = sourcecode.c.h; path = os_activity_shims.h; sourceTree = "<group>"; };
		DB4ED72E1D81F633000F38A6 /* Loggy.framework */ = {isa = PBXFileReference; explicitFileType = wrapper.framework; includeInIndex = 0; path = Loggy.framework; sourceTree = BUILT_PRODUCTS_DIR; };
		DB4ED7301D81F633000F38A6 /* Loggy.h */ = {isa = PBXFileReference; lastKnownFileType = sourcecode.c.h; path = Loggy.h; sourceTree = "<group>"; };
		DB4ED7311D81F633000F38A6 /* Info.plist */ = {isa = PBXFileReference; lastKnownFileType = text.plist.xml; path = Info.plist; sourceTree = "<group>"; };
		DB8873FB1D806685008FF01B /* LogExperiment.app */ = {isa = PBXFileReference; explicitFileType = wrapper.application; includeInIndex = 0; path = LogExperiment.app; sourceTree = BUILT_PRODUCTS_DIR; };
		DB8873FE1D806685008FF01B /* AppDelegate.swift */ = {isa = PBXFileReference; lastKnownFileType = sourcecode.swift; path = AppDelegate.swift; sourceTree = "<group>"; };
		DB8874001D806685008FF01B /* ViewController.swift */ = {isa = PBXFileReference; lastKnownFileType = sourcecode.swift; path = ViewController.swift; sourceTree = "<group>"; };
		DB8874031D806685008FF01B /* Base */ = {isa = PBXFileReference; lastKnownFileType = file.storyboard; name = Base; path = Base.lproj/Main.storyboard; sourceTree = "<group>"; };
		DB8874051D806685008FF01B /* Assets.xcassets */ = {isa = PBXFileReference; lastKnownFileType = folder.assetcatalog; path = Assets.xcassets; sourceTree = "<group>"; };
		DB8874081D806685008FF01B /* Base */ = {isa = PBXFileReference; lastKnownFileType = file.storyboard; name = Base; path = Base.lproj/LaunchScreen.storyboard; sourceTree = "<group>"; };
		DB88740A1D806685008FF01B /* Info.plist */ = {isa = PBXFileReference; lastKnownFileType = text.plist.xml; path = Info.plist; sourceTree = "<group>"; };
		DBBBCBCD2129E8300013FEA5 /* OSLog+LogStatement.swift */ = {isa = PBXFileReference; lastKnownFileType = sourcecode.swift; path = "OSLog+LogStatement.swift"; sourceTree = "<group>"; };
		DBC7B4DB1F3B648B00FADEC6 /* LogStatement.swift */ = {isa = PBXFileReference; lastKnownFileType = sourcecode.swift; path = LogStatement.swift; sourceTree = "<group>"; };
		DBCB1242212A0C1000376A9A /* CustomLogConvertible.swift */ = {isa = PBXFileReference; lastKnownFileType = sourcecode.swift; path = CustomLogConvertible.swift; sourceTree = "<group>"; };
		DBCB1248212A26F700376A9A /* os_log_shims.h */ = {isa = PBXFileReference; lastKnownFileType = sourcecode.c.h; path = os_log_shims.h; sourceTree = "<group>"; };
		DBCB1249212A26F700376A9A /* os_log_shims.c */ = {isa = PBXFileReference; lastKnownFileType = sourcecode.c.c; path = os_log_shims.c; sourceTree = "<group>"; };
		DBEE0BF41D8270AF007A562E /* Activity.swift */ = {isa = PBXFileReference; fileEncoding = 4; lastKnownFileType = sourcecode.swift; path = Activity.swift; sourceTree = "<group>"; };
/* End PBXFileReference section */

/* Begin PBXFrameworksBuildPhase section */
		DB4ED72A1D81F633000F38A6 /* Frameworks */ = {
			isa = PBXFrameworksBuildPhase;
			buildActionMask = 2147483647;
			files = (
			);
			runOnlyForDeploymentPostprocessing = 0;
		};
		DB8873F81D806685008FF01B /* Frameworks */ = {
			isa = PBXFrameworksBuildPhase;
			buildActionMask = 2147483647;
			files = (
				DB4ED7351D81F633000F38A6 /* Loggy.framework in Frameworks */,
			);
			runOnlyForDeploymentPostprocessing = 0;
		};
/* End PBXFrameworksBuildPhase section */

/* Begin PBXGroup section */
		DB4ED72F1D81F633000F38A6 /* Loggy */ = {
			isa = PBXGroup;
			children = (
				DB4ED7301D81F633000F38A6 /* Loggy.h */,
				DBCB1278212A922400376A9A /* Activity Tracing */,
				DBCB1279212A923000376A9A /* Logging */,
				DB4ED7311D81F633000F38A6 /* Info.plist */,
			);
			path = Loggy;
			sourceTree = "<group>";
		};
		DB8873F21D806685008FF01B = {
			isa = PBXGroup;
			children = (
				DB8873FD1D806685008FF01B /* LogExperiment */,
				DB4ED72F1D81F633000F38A6 /* Loggy */,
				DB8873FC1D806685008FF01B /* Products */,
			);
			sourceTree = "<group>";
		};
		DB8873FC1D806685008FF01B /* Products */ = {
			isa = PBXGroup;
			children = (
				DB8873FB1D806685008FF01B /* LogExperiment.app */,
				DB4ED72E1D81F633000F38A6 /* Loggy.framework */,
			);
			name = Products;
			sourceTree = "<group>";
		};
		DB8873FD1D806685008FF01B /* LogExperiment */ = {
			isa = PBXGroup;
			children = (
				DB8873FE1D806685008FF01B /* AppDelegate.swift */,
				DB8874001D806685008FF01B /* ViewController.swift */,
				DB8874021D806685008FF01B /* Main.storyboard */,
				DB8874051D806685008FF01B /* Assets.xcassets */,
				DB8874071D806685008FF01B /* LaunchScreen.storyboard */,
				DB88740A1D806685008FF01B /* Info.plist */,
			);
			path = LogExperiment;
			sourceTree = "<group>";
		};
		DBCB1278212A922400376A9A /* Activity Tracing */ = {
			isa = PBXGroup;
			children = (
				DBEE0BF41D8270AF007A562E /* Activity.swift */,
				DB40966E1F3C2B40004F8984 /* os_activity_shims.h */,
			);
			path = "Activity Tracing";
			sourceTree = "<group>";
		};
		DBCB1279212A923000376A9A /* Logging */ = {
			isa = PBXGroup;
			children = (
				DBCB1242212A0C1000376A9A /* CustomLogConvertible.swift */,
				DBC7B4DB1F3B648B00FADEC6 /* LogStatement.swift */,
				DBCB1248212A26F700376A9A /* os_log_shims.h */,
				DBCB1249212A26F700376A9A /* os_log_shims.c */,
				DBBBCBCD2129E8300013FEA5 /* OSLog+LogStatement.swift */,
				DB28FAFE212D35A9004014F7 /* OSLog+AppCategory.swift */,
			);
			path = Logging;
			sourceTree = "<group>";
		};
/* End PBXGroup section */

/* Begin PBXHeadersBuildPhase section */
		DB4ED72B1D81F633000F38A6 /* Headers */ = {
			isa = PBXHeadersBuildPhase;
			buildActionMask = 2147483647;
			files = (
				DBCB124A212A26F700376A9A /* os_log_shims.h in Headers */,
				DBCB1244212A133400376A9A /* os_activity_shims.h in Headers */,
				DB4ED7321D81F633000F38A6 /* Loggy.h in Headers */,
			);
			runOnlyForDeploymentPostprocessing = 0;
		};
/* End PBXHeadersBuildPhase section */

/* Begin PBXNativeTarget section */
		DB4ED72D1D81F633000F38A6 /* Loggy */ = {
			isa = PBXNativeTarget;
			buildConfigurationList = DB4ED7391D81F633000F38A6 /* Build configuration list for PBXNativeTarget "Loggy" */;
			buildPhases = (
				DB4ED7291D81F633000F38A6 /* Sources */,
				DB4ED72A1D81F633000F38A6 /* Frameworks */,
				DB4ED72B1D81F633000F38A6 /* Headers */,
				DB4ED72C1D81F633000F38A6 /* Resources */,
			);
			buildRules = (
			);
			dependencies = (
			);
			name = Loggy;
			productName = Loggy;
			productReference = DB4ED72E1D81F633000F38A6 /* Loggy.framework */;
			productType = "com.apple.product-type.framework";
		};
		DB8873FA1D806685008FF01B /* LogExperiment */ = {
			isa = PBXNativeTarget;
			buildConfigurationList = DB88740D1D806685008FF01B /* Build configuration list for PBXNativeTarget "LogExperiment" */;
			buildPhases = (
				DB8873F71D806685008FF01B /* Sources */,
				DB8873F81D806685008FF01B /* Frameworks */,
				DB8873F91D806685008FF01B /* Resources */,
				DB4ED73A1D81F633000F38A6 /* Embed Frameworks */,
			);
			buildRules = (
			);
			dependencies = (
				DB4ED7341D81F633000F38A6 /* PBXTargetDependency */,
			);
			name = LogExperiment;
			productName = LogExperiment;
			productReference = DB8873FB1D806685008FF01B /* LogExperiment.app */;
			productType = "com.apple.product-type.application";
		};
/* End PBXNativeTarget section */

/* Begin PBXProject section */
		DB8873F31D806685008FF01B /* Project object */ = {
			isa = PBXProject;
			attributes = {
				LastSwiftUpdateCheck = 0800;
				LastUpgradeCheck = 0930;
				ORGANIZATIONNAME = "Big Nerd Ranch";
				TargetAttributes = {
					DB4ED72D1D81F633000F38A6 = {
						CreatedOnToolsVersion = 8.0;
						DevelopmentTeam = H3Q4W24HH5;
						LastSwiftMigration = 0900;
						ProvisioningStyle = Automatic;
					};
					DB8873FA1D806685008FF01B = {
						CreatedOnToolsVersion = 8.0;
						DevelopmentTeam = H3Q4W24HH5;
						LastSwiftMigration = 0900;
						ProvisioningStyle = Automatic;
					};
				};
			};
			buildConfigurationList = DB8873F61D806685008FF01B /* Build configuration list for PBXProject "LogExperiment" */;
			compatibilityVersion = "Xcode 3.2";
			developmentRegion = English;
			hasScannedForEncodings = 0;
			knownRegions = (
				en,
				Base,
			);
			mainGroup = DB8873F21D806685008FF01B;
			productRefGroup = DB8873FC1D806685008FF01B /* Products */;
			projectDirPath = "";
			projectRoot = "";
			targets = (
				DB8873FA1D806685008FF01B /* LogExperiment */,
				DB4ED72D1D81F633000F38A6 /* Loggy */,
			);
		};
/* End PBXProject section */

/* Begin PBXResourcesBuildPhase section */
		DB4ED72C1D81F633000F38A6 /* Resources */ = {
			isa = PBXResourcesBuildPhase;
			buildActionMask = 2147483647;
			files = (
			);
			runOnlyForDeploymentPostprocessing = 0;
		};
		DB8873F91D806685008FF01B /* Resources */ = {
			isa = PBXResourcesBuildPhase;
			buildActionMask = 2147483647;
			files = (
				DB8874091D806685008FF01B /* LaunchScreen.storyboard in Resources */,
				DB8874061D806685008FF01B /* Assets.xcassets in Resources */,
				DB8874041D806685008FF01B /* Main.storyboard in Resources */,
			);
			runOnlyForDeploymentPostprocessing = 0;
		};
/* End PBXResourcesBuildPhase section */

/* Begin PBXSourcesBuildPhase section */
		DB4ED7291D81F633000F38A6 /* Sources */ = {
			isa = PBXSourcesBuildPhase;
			buildActionMask = 2147483647;
			files = (
				DBBBCBCE2129E8300013FEA5 /* OSLog+LogStatement.swift in Sources */,
				DBCB1243212A0C1000376A9A /* CustomLogConvertible.swift in Sources */,
				DBCB124B212A26F700376A9A /* os_log_shims.c in Sources */,
				DBC7B4DC1F3B648B00FADEC6 /* LogStatement.swift in Sources */,
				DB28FAFF212D35A9004014F7 /* OSLog+AppCategory.swift in Sources */,
				DBEE0BF51D8270AF007A562E /* Activity.swift in Sources */,
			);
			runOnlyForDeploymentPostprocessing = 0;
		};
		DB8873F71D806685008FF01B /* Sources */ = {
			isa = PBXSourcesBuildPhase;
			buildActionMask = 2147483647;
			files = (
				DB8874011D806685008FF01B /* ViewController.swift in Sources */,
				DB8873FF1D806685008FF01B /* AppDelegate.swift in Sources */,
			);
			runOnlyForDeploymentPostprocessing = 0;
		};
/* End PBXSourcesBuildPhase section */

/* Begin PBXTargetDependency section */
		DB4ED7341D81F633000F38A6 /* PBXTargetDependency */ = {
			isa = PBXTargetDependency;
			target = DB4ED72D1D81F633000F38A6 /* Loggy */;
			targetProxy = DB4ED7331D81F633000F38A6 /* PBXContainerItemProxy */;
		};
/* End PBXTargetDependency section */

/* Begin PBXVariantGroup section */
		DB8874021D806685008FF01B /* Main.storyboard */ = {
			isa = PBXVariantGroup;
			children = (
				DB8874031D806685008FF01B /* Base */,
			);
			name = Main.storyboard;
			sourceTree = "<group>";
		};
		DB8874071D806685008FF01B /* LaunchScreen.storyboard */ = {
			isa = PBXVariantGroup;
			children = (
				DB8874081D806685008FF01B /* Base */,
			);
			name = LaunchScreen.storyboard;
			sourceTree = "<group>";
		};
/* End PBXVariantGroup section */

/* Begin XCBuildConfiguration section */
		DB4ED7371D81F633000F38A6 /* Debug */ = {
			isa = XCBuildConfiguration;
			buildSettings = {
				APPLICATION_EXTENSION_API_ONLY = YES;
				CLANG_ENABLE_MODULES = YES;
				CLANG_WARN_UNGUARDED_AVAILABILITY = YES_AGGRESSIVE;
				CODE_SIGN_IDENTITY = "";
				CURRENT_PROJECT_VERSION = 1;
				DEFINES_MODULE = YES;
				DEVELOPMENT_TEAM = H3Q4W24HH5;
				DYLIB_COMPATIBILITY_VERSION = 1;
				DYLIB_CURRENT_VERSION = 1;
				DYLIB_INSTALL_NAME_BASE = "@rpath";
				INFOPLIST_FILE = Loggy/Info.plist;
				INSTALL_PATH = "$(LOCAL_LIBRARY_DIR)/Frameworks";
				IPHONEOS_DEPLOYMENT_TARGET = 10.0;
				LD_RUNPATH_SEARCH_PATHS = "$(inherited) @executable_path/Frameworks @loader_path/Frameworks";
				PRODUCT_BUNDLE_IDENTIFIER = com.bignerdranch.Loggy;
				PRODUCT_NAME = "$(TARGET_NAME)";
				SKIP_INSTALL = YES;
				SWIFT_OPTIMIZATION_LEVEL = "-Onone";
				TARGETED_DEVICE_FAMILY = "1,2";
				VERSIONING_SYSTEM = "apple-generic";
				VERSION_INFO_PREFIX = "";
			};
			name = Debug;
		};
		DB4ED7381D81F633000F38A6 /* Release */ = {
			isa = XCBuildConfiguration;
			buildSettings = {
				APPLICATION_EXTENSION_API_ONLY = YES;
				CLANG_ENABLE_MODULES = YES;
				CLANG_WARN_UNGUARDED_AVAILABILITY = YES_AGGRESSIVE;
				CODE_SIGN_IDENTITY = "";
				CURRENT_PROJECT_VERSION = 1;
				DEFINES_MODULE = YES;
				DEVELOPMENT_TEAM = H3Q4W24HH5;
				DYLIB_COMPATIBILITY_VERSION = 1;
				DYLIB_CURRENT_VERSION = 1;
				DYLIB_INSTALL_NAME_BASE = "@rpath";
				INFOPLIST_FILE = Loggy/Info.plist;
				INSTALL_PATH = "$(LOCAL_LIBRARY_DIR)/Frameworks";
				IPHONEOS_DEPLOYMENT_TARGET = 10.0;
				LD_RUNPATH_SEARCH_PATHS = "$(inherited) @executable_path/Frameworks @loader_path/Frameworks";
				PRODUCT_BUNDLE_IDENTIFIER = com.bignerdranch.Loggy;
				PRODUCT_NAME = "$(TARGET_NAME)";
				SKIP_INSTALL = YES;
				TARGETED_DEVICE_FAMILY = "1,2";
				VERSIONING_SYSTEM = "apple-generic";
				VERSION_INFO_PREFIX = "";
			};
			name = Release;
		};
		DB88740B1D806685008FF01B /* Debug */ = {
			isa = XCBuildConfiguration;
			buildSettings = {
				ALWAYS_SEARCH_USER_PATHS = NO;
				CLANG_ANALYZER_NONNULL = YES;
				CLANG_CXX_LANGUAGE_STANDARD = "gnu++0x";
				CLANG_CXX_LIBRARY = "libc++";
				CLANG_ENABLE_MODULES = YES;
				CLANG_ENABLE_OBJC_ARC = YES;
				CLANG_WARN_BLOCK_CAPTURE_AUTORELEASING = YES;
				CLANG_WARN_BOOL_CONVERSION = YES;
				CLANG_WARN_COMMA = YES;
				CLANG_WARN_CONSTANT_CONVERSION = YES;
				CLANG_WARN_DEPRECATED_OBJC_IMPLEMENTATIONS = YES;
				CLANG_WARN_DIRECT_OBJC_ISA_USAGE = YES_ERROR;
				CLANG_WARN_DOCUMENTATION_COMMENTS = YES;
				CLANG_WARN_EMPTY_BODY = YES;
				CLANG_WARN_ENUM_CONVERSION = YES;
				CLANG_WARN_INFINITE_RECURSION = YES;
				CLANG_WARN_INT_CONVERSION = YES;
				CLANG_WARN_NON_LITERAL_NULL_CONVERSION = YES;
				CLANG_WARN_OBJC_IMPLICIT_RETAIN_SELF = YES;
				CLANG_WARN_OBJC_LITERAL_CONVERSION = YES;
				CLANG_WARN_OBJC_ROOT_CLASS = YES_ERROR;
				CLANG_WARN_RANGE_LOOP_ANALYSIS = YES;
				CLANG_WARN_STRICT_PROTOTYPES = YES;
				CLANG_WARN_SUSPICIOUS_MOVE = YES;
				CLANG_WARN_SUSPICIOUS_MOVES = YES;
				CLANG_WARN_UNREACHABLE_CODE = YES;
				CLANG_WARN__DUPLICATE_METHOD_MATCH = YES;
				"CODE_SIGN_IDENTITY[sdk=iphoneos*]" = "iPhone Developer";
				COPY_PHASE_STRIP = NO;
				DEBUG_INFORMATION_FORMAT = dwarf;
				ENABLE_STRICT_OBJC_MSGSEND = YES;
				ENABLE_TESTABILITY = YES;
				GCC_C_LANGUAGE_STANDARD = gnu99;
				GCC_DYNAMIC_NO_PIC = NO;
				GCC_NO_COMMON_BLOCKS = YES;
				GCC_OPTIMIZATION_LEVEL = 0;
				GCC_PREPROCESSOR_DEFINITIONS = (
					"DEBUG=1",
					"$(inherited)",
				);
				GCC_WARN_64_TO_32_BIT_CONVERSION = YES;
				GCC_WARN_ABOUT_RETURN_TYPE = YES_ERROR;
				GCC_WARN_UNDECLARED_SELECTOR = YES;
				GCC_WARN_UNINITIALIZED_AUTOS = YES_AGGRESSIVE;
				GCC_WARN_UNUSED_FUNCTION = YES;
				GCC_WARN_UNUSED_VARIABLE = YES;
				IPHONEOS_DEPLOYMENT_TARGET = 10.0;
				MTL_ENABLE_DEBUG_INFO = YES;
				ONLY_ACTIVE_ARCH = YES;
				SDKROOT = iphoneos;
				SWIFT_ACTIVE_COMPILATION_CONDITIONS = DEBUG;
				SWIFT_OPTIMIZATION_LEVEL = "-Onone";
				SWIFT_VERSION = 4.0;
			};
			name = Debug;
		};
		DB88740C1D806685008FF01B /* Release */ = {
			isa = XCBuildConfiguration;
			buildSettings = {
				ALWAYS_SEARCH_USER_PATHS = NO;
				CLANG_ANALYZER_NONNULL = YES;
				CLANG_CXX_LANGUAGE_STANDARD = "gnu++0x";
				CLANG_CXX_LIBRARY = "libc++";
				CLANG_ENABLE_MODULES = YES;
				CLANG_ENABLE_OBJC_ARC = YES;
				CLANG_WARN_BLOCK_CAPTURE_AUTORELEASING = YES;
				CLANG_WARN_BOOL_CONVERSION = YES;
				CLANG_WARN_COMMA = YES;
				CLANG_WARN_CONSTANT_CONVERSION = YES;
				CLANG_WARN_DEPRECATED_OBJC_IMPLEMENTATIONS = YES;
				CLANG_WARN_DIRECT_OBJC_ISA_USAGE = YES_ERROR;
				CLANG_WARN_DOCUMENTATION_COMMENTS = YES;
				CLANG_WARN_EMPTY_BODY = YES;
				CLANG_WARN_ENUM_CONVERSION = YES;
				CLANG_WARN_INFINITE_RECURSION = YES;
				CLANG_WARN_INT_CONVERSION = YES;
				CLANG_WARN_NON_LITERAL_NULL_CONVERSION = YES;
				CLANG_WARN_OBJC_IMPLICIT_RETAIN_SELF = YES;
				CLANG_WARN_OBJC_LITERAL_CONVERSION = YES;
				CLANG_WARN_OBJC_ROOT_CLASS = YES_ERROR;
				CLANG_WARN_RANGE_LOOP_ANALYSIS = YES;
				CLANG_WARN_STRICT_PROTOTYPES = YES;
				CLANG_WARN_SUSPICIOUS_MOVE = YES;
				CLANG_WARN_SUSPICIOUS_MOVES = YES;
				CLANG_WARN_UNREACHABLE_CODE = YES;
				CLANG_WARN__DUPLICATE_METHOD_MATCH = YES;
				"CODE_SIGN_IDENTITY[sdk=iphoneos*]" = "iPhone Developer";
				COPY_PHASE_STRIP = NO;
				DEBUG_INFORMATION_FORMAT = "dwarf-with-dsym";
				ENABLE_NS_ASSERTIONS = NO;
				ENABLE_STRICT_OBJC_MSGSEND = YES;
				GCC_C_LANGUAGE_STANDARD = gnu99;
				GCC_NO_COMMON_BLOCKS = YES;
				GCC_WARN_64_TO_32_BIT_CONVERSION = YES;
				GCC_WARN_ABOUT_RETURN_TYPE = YES_ERROR;
				GCC_WARN_UNDECLARED_SELECTOR = YES;
				GCC_WARN_UNINITIALIZED_AUTOS = YES_AGGRESSIVE;
				GCC_WARN_UNUSED_FUNCTION = YES;
				GCC_WARN_UNUSED_VARIABLE = YES;
				IPHONEOS_DEPLOYMENT_TARGET = 10.0;
				MTL_ENABLE_DEBUG_INFO = NO;
				SDKROOT = iphoneos;
				SWIFT_OPTIMIZATION_LEVEL = "-Owholemodule";
				SWIFT_VERSION = 4.0;
				VALIDATE_PRODUCT = YES;
			};
			name = Release;
		};
		DB88740E1D806685008FF01B /* Debug */ = {
			isa = XCBuildConfiguration;
			buildSettings = {
				ALWAYS_EMBED_SWIFT_STANDARD_LIBRARIES = YES;
				ASSETCATALOG_COMPILER_APPICON_NAME = AppIcon;
				DEVELOPMENT_TEAM = H3Q4W24HH5;
				INFOPLIST_FILE = LogExperiment/Info.plist;
				IPHONEOS_DEPLOYMENT_TARGET = 10.0;
				LD_RUNPATH_SEARCH_PATHS = "$(inherited) @executable_path/Frameworks";
				PRODUCT_BUNDLE_IDENTIFIER = com.bignerdranch.LogExperiment;
				PRODUCT_NAME = "$(TARGET_NAME)";
			};
			name = Debug;
		};
		DB88740F1D806685008FF01B /* Release */ = {
			isa = XCBuildConfiguration;
			buildSettings = {
				ALWAYS_EMBED_SWIFT_STANDARD_LIBRARIES = YES;
				ASSETCATALOG_COMPILER_APPICON_NAME = AppIcon;
				DEVELOPMENT_TEAM = H3Q4W24HH5;
				INFOPLIST_FILE = LogExperiment/Info.plist;
				IPHONEOS_DEPLOYMENT_TARGET = 10.0;
				LD_RUNPATH_SEARCH_PATHS = "$(inherited) @executable_path/Frameworks";
				PRODUCT_BUNDLE_IDENTIFIER = com.bignerdranch.LogExperiment;
				PRODUCT_NAME = "$(TARGET_NAME)";
			};
			name = Release;
		};
/* End XCBuildConfiguration section */

/* Begin XCConfigurationList section */
		DB4ED7391D81F633000F38A6 /* Build configuration list for PBXNativeTarget "Loggy" */ = {
			isa = XCConfigurationList;
			buildConfigurations = (
				DB4ED7371D81F633000F38A6 /* Debug */,
				DB4ED7381D81F633000F38A6 /* Release */,
			);
			defaultConfigurationIsVisible = 0;
			defaultConfigurationName = Release;
		};
		DB8873F61D806685008FF01B /* Build configuration list for PBXProject "LogExperiment" */ = {
			isa = XCConfigurationList;
			buildConfigurations = (
				DB88740B1D806685008FF01B /* Debug */,
				DB88740C1D806685008FF01B /* Release */,
			);
			defaultConfigurationIsVisible = 0;
			defaultConfigurationName = Release;
		};
		DB88740D1D806685008FF01B /* Build configuration list for PBXNativeTarget "LogExperiment" */ = {
			isa = XCConfigurationList;
			buildConfigurations = (
				DB88740E1D806685008FF01B /* Debug */,
				DB88740F1D806685008FF01B /* Release */,
			);
			defaultConfigurationIsVisible = 0;
			defaultConfigurationName = Release;
		};
/* End XCConfigurationList section */
	};
	rootObject = DB8873F31D806685008FF01B /* Project object */;
}
